// !$*UTF8*$!
{
	archiveVersion = 1;
	classes = {
	};
	objectVersion = 55;
	objects = {

/* Begin PBXBuildFile section */
		850A5CE2284690C700065BD3 /* UserProfileViewController.swift in Sources */ = {isa = PBXBuildFile; fileRef = 850A5CE1284690C700065BD3 /* UserProfileViewController.swift */; };
		850A5CE42846913200065BD3 /* User.swift in Sources */ = {isa = PBXBuildFile; fileRef = 850A5CE32846913200065BD3 /* User.swift */; };
		9DF6BEAC284951D500DD1D55 /* NewPostViewController.swift in Sources */ = {isa = PBXBuildFile; fileRef = 9DF6BEAB284951D500DD1D55 /* NewPostViewController.swift */; };
		9DF6BEAE2849542800DD1D55 /* BusinessDetailsViewController.swift in Sources */ = {isa = PBXBuildFile; fileRef = 9DF6BEAD2849542800DD1D55 /* BusinessDetailsViewController.swift */; };
		9DF6BEB02849543C00DD1D55 /* BusinessDecode.swift in Sources */ = {isa = PBXBuildFile; fileRef = 9DF6BEAF2849543C00DD1D55 /* BusinessDecode.swift */; };
		D9508DE528485D3E003788F5 /* GoogleService-Info.plist in Resources */ = {isa = PBXBuildFile; fileRef = D9508DE428485D3E003788F5 /* GoogleService-Info.plist */; };
		D9508DE7284AFB35003788F5 /* ImageCollectionViewCell.swift in Sources */ = {isa = PBXBuildFile; fileRef = D9508DE6284AFB35003788F5 /* ImageCollectionViewCell.swift */; };
		D9508DE9284B0A1B003788F5 /* BusinessDetailsImageView.swift in Sources */ = {isa = PBXBuildFile; fileRef = D9508DE8284B0A1B003788F5 /* BusinessDetailsImageView.swift */; };
		D9BBC403284C70640036C6A8 /* PostsTableViewCell.swift in Sources */ = {isa = PBXBuildFile; fileRef = D9BBC402284C70640036C6A8 /* PostsTableViewCell.swift */; };
		D9F10EC0283DB7AD00A8E968 /* AppDelegate.swift in Sources */ = {isa = PBXBuildFile; fileRef = D9F10EBF283DB7AD00A8E968 /* AppDelegate.swift */; };
		D9F10EC2283DB7AD00A8E968 /* SceneDelegate.swift in Sources */ = {isa = PBXBuildFile; fileRef = D9F10EC1283DB7AD00A8E968 /* SceneDelegate.swift */; };
		D9F10EC4283DB7AD00A8E968 /* ViewController.swift in Sources */ = {isa = PBXBuildFile; fileRef = D9F10EC3283DB7AD00A8E968 /* ViewController.swift */; };
		D9F10EC7283DB7AD00A8E968 /* Main.storyboard in Resources */ = {isa = PBXBuildFile; fileRef = D9F10EC5283DB7AD00A8E968 /* Main.storyboard */; };
		D9F10EC9283DB7AE00A8E968 /* Assets.xcassets in Resources */ = {isa = PBXBuildFile; fileRef = D9F10EC8283DB7AE00A8E968 /* Assets.xcassets */; };
		D9F10ECC283DB7AE00A8E968 /* LaunchScreen.storyboard in Resources */ = {isa = PBXBuildFile; fileRef = D9F10ECA283DB7AE00A8E968 /* LaunchScreen.storyboard */; };
		D9F10ED82841586400A8E968 /* OnBoardingViewController.swift in Sources */ = {isa = PBXBuildFile; fileRef = D9F10ED72841586400A8E968 /* OnBoardingViewController.swift */; };
		D9F10EDA284160C600A8E968 /* RecViewController.swift in Sources */ = {isa = PBXBuildFile; fileRef = D9F10ED9284160C600A8E968 /* RecViewController.swift */; };
		D9F10EDC284160D600A8E968 /* NewsViewController.swift in Sources */ = {isa = PBXBuildFile; fileRef = D9F10EDB284160D600A8E968 /* NewsViewController.swift */; };
		D9F10EDE2842EC3300A8E968 /* YelpBusinessSearch.swift in Sources */ = {isa = PBXBuildFile; fileRef = D9F10EDD2842EC3300A8E968 /* YelpBusinessSearch.swift */; };
		E36F85032846AF1F00F18C4C /* FirebaseDatabaseSwift in Frameworks */ = {isa = PBXBuildFile; productRef = E36F85022846AF1F00F18C4C /* FirebaseDatabaseSwift */; };
		E36F85052846AF1F00F18C4C /* FirebaseFirestoreSwift in Frameworks */ = {isa = PBXBuildFile; productRef = E36F85042846AF1F00F18C4C /* FirebaseFirestoreSwift */; };
		E36F85072846B18500F18C4C /* FirebaseInterface.swift in Sources */ = {isa = PBXBuildFile; fileRef = E36F85062846B18500F18C4C /* FirebaseInterface.swift */; };
/* End PBXBuildFile section */

/* Begin PBXFileReference section */
		850A5CE1284690C700065BD3 /* UserProfileViewController.swift */ = {isa = PBXFileReference; lastKnownFileType = sourcecode.swift; path = UserProfileViewController.swift; sourceTree = "<group>"; };
		850A5CE32846913200065BD3 /* User.swift */ = {isa = PBXFileReference; lastKnownFileType = sourcecode.swift; path = User.swift; sourceTree = "<group>"; };
		9DF6BEAB284951D500DD1D55 /* NewPostViewController.swift */ = {isa = PBXFileReference; lastKnownFileType = sourcecode.swift; path = NewPostViewController.swift; sourceTree = "<group>"; };
		9DF6BEAD2849542800DD1D55 /* BusinessDetailsViewController.swift */ = {isa = PBXFileReference; fileEncoding = 4; lastKnownFileType = sourcecode.swift; path = BusinessDetailsViewController.swift; sourceTree = "<group>"; };
		9DF6BEAF2849543C00DD1D55 /* BusinessDecode.swift */ = {isa = PBXFileReference; fileEncoding = 4; lastKnownFileType = sourcecode.swift; path = BusinessDecode.swift; sourceTree = "<group>"; };
		D9508DE428485D3E003788F5 /* GoogleService-Info.plist */ = {isa = PBXFileReference; fileEncoding = 4; lastKnownFileType = text.plist.xml; path = "GoogleService-Info.plist"; sourceTree = "<group>"; };
		D9508DE6284AFB35003788F5 /* ImageCollectionViewCell.swift */ = {isa = PBXFileReference; lastKnownFileType = sourcecode.swift; path = ImageCollectionViewCell.swift; sourceTree = "<group>"; };
		D9508DE8284B0A1B003788F5 /* BusinessDetailsImageView.swift */ = {isa = PBXFileReference; lastKnownFileType = sourcecode.swift; path = BusinessDetailsImageView.swift; sourceTree = "<group>"; };
		D9BBC402284C70640036C6A8 /* PostsTableViewCell.swift */ = {isa = PBXFileReference; lastKnownFileType = sourcecode.swift; path = PostsTableViewCell.swift; sourceTree = "<group>"; };
		D9F10EBC283DB7AD00A8E968 /* DubFood.app */ = {isa = PBXFileReference; explicitFileType = wrapper.application; includeInIndex = 0; path = DubFood.app; sourceTree = BUILT_PRODUCTS_DIR; };
		D9F10EBF283DB7AD00A8E968 /* AppDelegate.swift */ = {isa = PBXFileReference; lastKnownFileType = sourcecode.swift; path = AppDelegate.swift; sourceTree = "<group>"; };
		D9F10EC1283DB7AD00A8E968 /* SceneDelegate.swift */ = {isa = PBXFileReference; lastKnownFileType = sourcecode.swift; path = SceneDelegate.swift; sourceTree = "<group>"; };
		D9F10EC3283DB7AD00A8E968 /* ViewController.swift */ = {isa = PBXFileReference; lastKnownFileType = sourcecode.swift; path = ViewController.swift; sourceTree = "<group>"; };
		D9F10EC6283DB7AD00A8E968 /* Base */ = {isa = PBXFileReference; lastKnownFileType = file.storyboard; name = Base; path = Base.lproj/Main.storyboard; sourceTree = "<group>"; };
		D9F10EC8283DB7AE00A8E968 /* Assets.xcassets */ = {isa = PBXFileReference; lastKnownFileType = folder.assetcatalog; path = Assets.xcassets; sourceTree = "<group>"; };
		D9F10ECB283DB7AE00A8E968 /* Base */ = {isa = PBXFileReference; lastKnownFileType = file.storyboard; name = Base; path = Base.lproj/LaunchScreen.storyboard; sourceTree = "<group>"; };
		D9F10ECD283DB7AE00A8E968 /* Info.plist */ = {isa = PBXFileReference; lastKnownFileType = text.plist.xml; path = Info.plist; sourceTree = "<group>"; };
		D9F10ED72841586400A8E968 /* OnBoardingViewController.swift */ = {isa = PBXFileReference; lastKnownFileType = sourcecode.swift; path = OnBoardingViewController.swift; sourceTree = "<group>"; };
		D9F10ED9284160C600A8E968 /* RecViewController.swift */ = {isa = PBXFileReference; lastKnownFileType = sourcecode.swift; path = RecViewController.swift; sourceTree = "<group>"; };
		D9F10EDB284160D600A8E968 /* NewsViewController.swift */ = {isa = PBXFileReference; lastKnownFileType = sourcecode.swift; path = NewsViewController.swift; sourceTree = "<group>"; };
		D9F10EDD2842EC3300A8E968 /* YelpBusinessSearch.swift */ = {isa = PBXFileReference; lastKnownFileType = sourcecode.swift; path = YelpBusinessSearch.swift; sourceTree = "<group>"; };
		E36F85062846B18500F18C4C /* FirebaseInterface.swift */ = {isa = PBXFileReference; lastKnownFileType = sourcecode.swift; path = FirebaseInterface.swift; sourceTree = "<group>"; };
/* End PBXFileReference section */

/* Begin PBXFrameworksBuildPhase section */
		D9F10EB9283DB7AD00A8E968 /* Frameworks */ = {
			isa = PBXFrameworksBuildPhase;
			buildActionMask = 2147483647;
			files = (
				E36F85032846AF1F00F18C4C /* FirebaseDatabaseSwift in Frameworks */,
				E36F85052846AF1F00F18C4C /* FirebaseFirestoreSwift in Frameworks */,
			);
			runOnlyForDeploymentPostprocessing = 0;
		};
/* End PBXFrameworksBuildPhase section */

/* Begin PBXGroup section */
		D9F10EB3283DB7AD00A8E968 = {
			isa = PBXGroup;
			children = (
				D9F10EBE283DB7AD00A8E968 /* DubFood */,
				D9F10EBD283DB7AD00A8E968 /* Products */,
			);
			sourceTree = "<group>";
		};
		D9F10EBD283DB7AD00A8E968 /* Products */ = {
			isa = PBXGroup;
			children = (
				D9F10EBC283DB7AD00A8E968 /* DubFood.app */,
			);
			name = Products;
			sourceTree = "<group>";
		};
		D9F10EBE283DB7AD00A8E968 /* DubFood */ = {
			isa = PBXGroup;
			children = (
				E36F85062846B18500F18C4C /* FirebaseInterface.swift */,
				D9F10EBF283DB7AD00A8E968 /* AppDelegate.swift */,
				D9F10EC1283DB7AD00A8E968 /* SceneDelegate.swift */,
				D9F10EC3283DB7AD00A8E968 /* ViewController.swift */,
				D9F10ED72841586400A8E968 /* OnBoardingViewController.swift */,
				850A5CE1284690C700065BD3 /* UserProfileViewController.swift */,
				D9F10EDB284160D600A8E968 /* NewsViewController.swift */,
				D9F10ED9284160C600A8E968 /* RecViewController.swift */,
				9DF6BEAD2849542800DD1D55 /* BusinessDetailsViewController.swift */,
				D9BBC402284C70640036C6A8 /* PostsTableViewCell.swift */,
				D9508DE6284AFB35003788F5 /* ImageCollectionViewCell.swift */,
				D9508DE8284B0A1B003788F5 /* BusinessDetailsImageView.swift */,
				9DF6BEAF2849543C00DD1D55 /* BusinessDecode.swift */,
				9DF6BEAB284951D500DD1D55 /* NewPostViewController.swift */,
				D9F10EDD2842EC3300A8E968 /* YelpBusinessSearch.swift */,
				850A5CE32846913200065BD3 /* User.swift */,
				D9F10EC5283DB7AD00A8E968 /* Main.storyboard */,
				D9F10ECA283DB7AE00A8E968 /* LaunchScreen.storyboard */,
				D9F10EC8283DB7AE00A8E968 /* Assets.xcassets */,
				D9508DE428485D3E003788F5 /* GoogleService-Info.plist */,
				D9F10ECD283DB7AE00A8E968 /* Info.plist */,
			);
			path = DubFood;
			sourceTree = "<group>";
		};
/* End PBXGroup section */

/* Begin PBXNativeTarget section */
		D9F10EBB283DB7AD00A8E968 /* DubFood */ = {
			isa = PBXNativeTarget;
			buildConfigurationList = D9F10ED0283DB7AE00A8E968 /* Build configuration list for PBXNativeTarget "DubFood" */;
			buildPhases = (
				D9F10EB8283DB7AD00A8E968 /* Sources */,
				D9F10EB9283DB7AD00A8E968 /* Frameworks */,
				D9F10EBA283DB7AD00A8E968 /* Resources */,
			);
			buildRules = (
			);
			dependencies = (
			);
			name = DubFood;
			packageProductDependencies = (
				E36F85022846AF1F00F18C4C /* FirebaseDatabaseSwift */,
				E36F85042846AF1F00F18C4C /* FirebaseFirestoreSwift */,
			);
			productName = DubFood;
			productReference = D9F10EBC283DB7AD00A8E968 /* DubFood.app */;
			productType = "com.apple.product-type.application";
		};
/* End PBXNativeTarget section */

/* Begin PBXProject section */
		D9F10EB4283DB7AD00A8E968 /* Project object */ = {
			isa = PBXProject;
			attributes = {
				BuildIndependentTargetsInParallel = 1;
				LastSwiftUpdateCheck = 1330;
				LastUpgradeCheck = 1330;
				TargetAttributes = {
					D9F10EBB283DB7AD00A8E968 = {
						CreatedOnToolsVersion = 13.3;
					};
				};
			};
			buildConfigurationList = D9F10EB7283DB7AD00A8E968 /* Build configuration list for PBXProject "DubFood" */;
			compatibilityVersion = "Xcode 13.0";
			developmentRegion = en;
			hasScannedForEncodings = 0;
			knownRegions = (
				en,
				Base,
			);
			mainGroup = D9F10EB3283DB7AD00A8E968;
			packageReferences = (
				E36F85012846AF1F00F18C4C /* XCRemoteSwiftPackageReference "firebase-ios-sdk" */,
			);
			productRefGroup = D9F10EBD283DB7AD00A8E968 /* Products */;
			projectDirPath = "";
			projectRoot = "";
			targets = (
				D9F10EBB283DB7AD00A8E968 /* DubFood */,
			);
		};
/* End PBXProject section */

/* Begin PBXResourcesBuildPhase section */
		D9F10EBA283DB7AD00A8E968 /* Resources */ = {
			isa = PBXResourcesBuildPhase;
			buildActionMask = 2147483647;
			files = (
				D9F10ECC283DB7AE00A8E968 /* LaunchScreen.storyboard in Resources */,
				D9508DE528485D3E003788F5 /* GoogleService-Info.plist in Resources */,
				D9F10EC9283DB7AE00A8E968 /* Assets.xcassets in Resources */,
				D9F10EC7283DB7AD00A8E968 /* Main.storyboard in Resources */,
			);
			runOnlyForDeploymentPostprocessing = 0;
		};
/* End PBXResourcesBuildPhase section */

/* Begin PBXSourcesBuildPhase section */
		D9F10EB8283DB7AD00A8E968 /* Sources */ = {
			isa = PBXSourcesBuildPhase;
			buildActionMask = 2147483647;
			files = (
				D9F10EDE2842EC3300A8E968 /* YelpBusinessSearch.swift in Sources */,
				9DF6BEAC284951D500DD1D55 /* NewPostViewController.swift in Sources */,
				850A5CE2284690C700065BD3 /* UserProfileViewController.swift in Sources */,
				D9F10EC4283DB7AD00A8E968 /* ViewController.swift in Sources */,
				D9F10EDA284160C600A8E968 /* RecViewController.swift in Sources */,
				9DF6BEAE2849542800DD1D55 /* BusinessDetailsViewController.swift in Sources */,
				D9F10EC0283DB7AD00A8E968 /* AppDelegate.swift in Sources */,
				D9508DE9284B0A1B003788F5 /* BusinessDetailsImageView.swift in Sources */,
				850A5CE42846913200065BD3 /* User.swift in Sources */,
				E36F85072846B18500F18C4C /* FirebaseInterface.swift in Sources */,
				9DF6BEB02849543C00DD1D55 /* BusinessDecode.swift in Sources */,
				D9508DE7284AFB35003788F5 /* ImageCollectionViewCell.swift in Sources */,
				D9F10EDC284160D600A8E968 /* NewsViewController.swift in Sources */,
				D9F10EC2283DB7AD00A8E968 /* SceneDelegate.swift in Sources */,
				D9F10ED82841586400A8E968 /* OnBoardingViewController.swift in Sources */,
				D9BBC403284C70640036C6A8 /* PostsTableViewCell.swift in Sources */,
			);
			runOnlyForDeploymentPostprocessing = 0;
		};
/* End PBXSourcesBuildPhase section */

/* Begin PBXVariantGroup section */
		D9F10EC5283DB7AD00A8E968 /* Main.storyboard */ = {
			isa = PBXVariantGroup;
			children = (
				D9F10EC6283DB7AD00A8E968 /* Base */,
			);
			name = Main.storyboard;
			sourceTree = "<group>";
		};
		D9F10ECA283DB7AE00A8E968 /* LaunchScreen.storyboard */ = {
			isa = PBXVariantGroup;
			children = (
				D9F10ECB283DB7AE00A8E968 /* Base */,
			);
			name = LaunchScreen.storyboard;
			sourceTree = "<group>";
		};
/* End PBXVariantGroup section */

/* Begin XCBuildConfiguration section */
		D9F10ECE283DB7AE00A8E968 /* Debug */ = {
			isa = XCBuildConfiguration;
			buildSettings = {
				ALWAYS_SEARCH_USER_PATHS = NO;
				CLANG_ANALYZER_NONNULL = YES;
				CLANG_ANALYZER_NUMBER_OBJECT_CONVERSION = YES_AGGRESSIVE;
				CLANG_CXX_LANGUAGE_STANDARD = "gnu++17";
				CLANG_ENABLE_MODULES = YES;
				CLANG_ENABLE_OBJC_ARC = YES;
				CLANG_ENABLE_OBJC_WEAK = YES;
				CLANG_WARN_BLOCK_CAPTURE_AUTORELEASING = YES;
				CLANG_WARN_BOOL_CONVERSION = YES;
				CLANG_WARN_COMMA = YES;
				CLANG_WARN_CONSTANT_CONVERSION = YES;
				CLANG_WARN_DEPRECATED_OBJC_IMPLEMENTATIONS = YES;
				CLANG_WARN_DIRECT_OBJC_ISA_USAGE = YES_ERROR;
				CLANG_WARN_DOCUMENTATION_COMMENTS = YES;
				CLANG_WARN_EMPTY_BODY = YES;
				CLANG_WARN_ENUM_CONVERSION = YES;
				CLANG_WARN_INFINITE_RECURSION = YES;
				CLANG_WARN_INT_CONVERSION = YES;
				CLANG_WARN_NON_LITERAL_NULL_CONVERSION = YES;
				CLANG_WARN_OBJC_IMPLICIT_RETAIN_SELF = YES;
				CLANG_WARN_OBJC_LITERAL_CONVERSION = YES;
				CLANG_WARN_OBJC_ROOT_CLASS = YES_ERROR;
				CLANG_WARN_QUOTED_INCLUDE_IN_FRAMEWORK_HEADER = YES;
				CLANG_WARN_RANGE_LOOP_ANALYSIS = YES;
				CLANG_WARN_STRICT_PROTOTYPES = YES;
				CLANG_WARN_SUSPICIOUS_MOVE = YES;
				CLANG_WARN_UNGUARDED_AVAILABILITY = YES_AGGRESSIVE;
				CLANG_WARN_UNREACHABLE_CODE = YES;
				CLANG_WARN__DUPLICATE_METHOD_MATCH = YES;
				COPY_PHASE_STRIP = NO;
				DEBUG_INFORMATION_FORMAT = dwarf;
				ENABLE_STRICT_OBJC_MSGSEND = YES;
				ENABLE_TESTABILITY = YES;
				GCC_C_LANGUAGE_STANDARD = gnu11;
				GCC_DYNAMIC_NO_PIC = NO;
				GCC_NO_COMMON_BLOCKS = YES;
				GCC_OPTIMIZATION_LEVEL = 0;
				GCC_PREPROCESSOR_DEFINITIONS = (
					"DEBUG=1",
					"$(inherited)",
				);
				GCC_WARN_64_TO_32_BIT_CONVERSION = YES;
				GCC_WARN_ABOUT_RETURN_TYPE = YES_ERROR;
				GCC_WARN_UNDECLARED_SELECTOR = YES;
				GCC_WARN_UNINITIALIZED_AUTOS = YES_AGGRESSIVE;
				GCC_WARN_UNUSED_FUNCTION = YES;
				GCC_WARN_UNUSED_VARIABLE = YES;
				IPHONEOS_DEPLOYMENT_TARGET = 15.4;
				MTL_ENABLE_DEBUG_INFO = INCLUDE_SOURCE;
				MTL_FAST_MATH = YES;
				ONLY_ACTIVE_ARCH = YES;
				SDKROOT = iphoneos;
				SWIFT_ACTIVE_COMPILATION_CONDITIONS = DEBUG;
				SWIFT_OPTIMIZATION_LEVEL = "-Onone";
			};
			name = Debug;
		};
		D9F10ECF283DB7AE00A8E968 /* Release */ = {
			isa = XCBuildConfiguration;
			buildSettings = {
				ALWAYS_SEARCH_USER_PATHS = NO;
				CLANG_ANALYZER_NONNULL = YES;
				CLANG_ANALYZER_NUMBER_OBJECT_CONVERSION = YES_AGGRESSIVE;
				CLANG_CXX_LANGUAGE_STANDARD = "gnu++17";
				CLANG_ENABLE_MODULES = YES;
				CLANG_ENABLE_OBJC_ARC = YES;
				CLANG_ENABLE_OBJC_WEAK = YES;
				CLANG_WARN_BLOCK_CAPTURE_AUTORELEASING = YES;
				CLANG_WARN_BOOL_CONVERSION = YES;
				CLANG_WARN_COMMA = YES;
				CLANG_WARN_CONSTANT_CONVERSION = YES;
				CLANG_WARN_DEPRECATED_OBJC_IMPLEMENTATIONS = YES;
				CLANG_WARN_DIRECT_OBJC_ISA_USAGE = YES_ERROR;
				CLANG_WARN_DOCUMENTATION_COMMENTS = YES;
				CLANG_WARN_EMPTY_BODY = YES;
				CLANG_WARN_ENUM_CONVERSION = YES;
				CLANG_WARN_INFINITE_RECURSION = YES;
				CLANG_WARN_INT_CONVERSION = YES;
				CLANG_WARN_NON_LITERAL_NULL_CONVERSION = YES;
				CLANG_WARN_OBJC_IMPLICIT_RETAIN_SELF = YES;
				CLANG_WARN_OBJC_LITERAL_CONVERSION = YES;
				CLANG_WARN_OBJC_ROOT_CLASS = YES_ERROR;
				CLANG_WARN_QUOTED_INCLUDE_IN_FRAMEWORK_HEADER = YES;
				CLANG_WARN_RANGE_LOOP_ANALYSIS = YES;
				CLANG_WARN_STRICT_PROTOTYPES = YES;
				CLANG_WARN_SUSPICIOUS_MOVE = YES;
				CLANG_WARN_UNGUARDED_AVAILABILITY = YES_AGGRESSIVE;
				CLANG_WARN_UNREACHABLE_CODE = YES;
				CLANG_WARN__DUPLICATE_METHOD_MATCH = YES;
				COPY_PHASE_STRIP = NO;
				DEBUG_INFORMATION_FORMAT = "dwarf-with-dsym";
				ENABLE_NS_ASSERTIONS = NO;
				ENABLE_STRICT_OBJC_MSGSEND = YES;
				GCC_C_LANGUAGE_STANDARD = gnu11;
				GCC_NO_COMMON_BLOCKS = YES;
				GCC_WARN_64_TO_32_BIT_CONVERSION = YES;
				GCC_WARN_ABOUT_RETURN_TYPE = YES_ERROR;
				GCC_WARN_UNDECLARED_SELECTOR = YES;
				GCC_WARN_UNINITIALIZED_AUTOS = YES_AGGRESSIVE;
				GCC_WARN_UNUSED_FUNCTION = YES;
				GCC_WARN_UNUSED_VARIABLE = YES;
				IPHONEOS_DEPLOYMENT_TARGET = 15.4;
				MTL_ENABLE_DEBUG_INFO = NO;
				MTL_FAST_MATH = YES;
				SDKROOT = iphoneos;
				SWIFT_COMPILATION_MODE = wholemodule;
				SWIFT_OPTIMIZATION_LEVEL = "-O";
				VALIDATE_PRODUCT = YES;
			};
			name = Release;
		};
		D9F10ED1283DB7AE00A8E968 /* Debug */ = {
			isa = XCBuildConfiguration;
			buildSettings = {
				ASSETCATALOG_COMPILER_APPICON_NAME = AppIcon;
				ASSETCATALOG_COMPILER_GLOBAL_ACCENT_COLOR_NAME = AccentColor;
				CODE_SIGN_STYLE = Automatic;
				CURRENT_PROJECT_VERSION = 1;
				DEVELOPMENT_TEAM = GJC6R3XAXW;
				GENERATE_INFOPLIST_FILE = YES;
				INFOPLIST_FILE = DubFood/Info.plist;
				INFOPLIST_KEY_UIApplicationSupportsIndirectInputEvents = YES;
				INFOPLIST_KEY_UILaunchStoryboardName = LaunchScreen;
				INFOPLIST_KEY_UIMainStoryboardFile = Main;
				INFOPLIST_KEY_UISupportedInterfaceOrientations_iPad = "UIInterfaceOrientationPortrait UIInterfaceOrientationPortraitUpsideDown UIInterfaceOrientationLandscapeLeft UIInterfaceOrientationLandscapeRight";
				INFOPLIST_KEY_UISupportedInterfaceOrientations_iPhone = "UIInterfaceOrientationPortrait UIInterfaceOrientationLandscapeLeft UIInterfaceOrientationLandscapeRight";
				LD_RUNPATH_SEARCH_PATHS = (
					"$(inherited)",
					"@executable_path/Frameworks",
				);
				MARKETING_VERSION = 1.0;
				PRODUCT_BUNDLE_IDENTIFIER = cku2.DubFood;
				PRODUCT_NAME = "$(TARGET_NAME)";
				SWIFT_EMIT_LOC_STRINGS = YES;
				SWIFT_VERSION = 5.0;
				TARGETED_DEVICE_FAMILY = "1,2";
			};
			name = Debug;
		};
		D9F10ED2283DB7AE00A8E968 /* Release */ = {
			isa = XCBuildConfiguration;
			buildSettings = {
				ASSETCATALOG_COMPILER_APPICON_NAME = AppIcon;
				ASSETCATALOG_COMPILER_GLOBAL_ACCENT_COLOR_NAME = AccentColor;
				CODE_SIGN_STYLE = Automatic;
				CURRENT_PROJECT_VERSION = 1;
				DEVELOPMENT_TEAM = GJC6R3XAXW;
				GENERATE_INFOPLIST_FILE = YES;
				INFOPLIST_FILE = DubFood/Info.plist;
				INFOPLIST_KEY_UIApplicationSupportsIndirectInputEvents = YES;
				INFOPLIST_KEY_UILaunchStoryboardName = LaunchScreen;
				INFOPLIST_KEY_UIMainStoryboardFile = Main;
				INFOPLIST_KEY_UISupportedInterfaceOrientations_iPad = "UIInterfaceOrientationPortrait UIInterfaceOrientationPortraitUpsideDown UIInterfaceOrientationLandscapeLeft UIInterfaceOrientationLandscapeRight";
				INFOPLIST_KEY_UISupportedInterfaceOrientations_iPhone = "UIInterfaceOrientationPortrait UIInterfaceOrientationLandscapeLeft UIInterfaceOrientationLandscapeRight";
				LD_RUNPATH_SEARCH_PATHS = (
					"$(inherited)",
					"@executable_path/Frameworks",
				);
				MARKETING_VERSION = 1.0;
				PRODUCT_BUNDLE_IDENTIFIER = cku2.DubFood;
				PRODUCT_NAME = "$(TARGET_NAME)";
				SWIFT_EMIT_LOC_STRINGS = YES;
				SWIFT_VERSION = 5.0;
				TARGETED_DEVICE_FAMILY = "1,2";
			};
			name = Release;
		};
/* End XCBuildConfiguration section */

/* Begin XCConfigurationList section */
		D9F10EB7283DB7AD00A8E968 /* Build configuration list for PBXProject "DubFood" */ = {
			isa = XCConfigurationList;
			buildConfigurations = (
				D9F10ECE283DB7AE00A8E968 /* Debug */,
				D9F10ECF283DB7AE00A8E968 /* Release */,
			);
			defaultConfigurationIsVisible = 0;
			defaultConfigurationName = Release;
		};
		D9F10ED0283DB7AE00A8E968 /* Build configuration list for PBXNativeTarget "DubFood" */ = {
			isa = XCConfigurationList;
			buildConfigurations = (
				D9F10ED1283DB7AE00A8E968 /* Debug */,
				D9F10ED2283DB7AE00A8E968 /* Release */,
			);
			defaultConfigurationIsVisible = 0;
			defaultConfigurationName = Release;
		};
/* End XCConfigurationList section */

/* Begin XCRemoteSwiftPackageReference section */
		E36F85012846AF1F00F18C4C /* XCRemoteSwiftPackageReference "firebase-ios-sdk" */ = {
			isa = XCRemoteSwiftPackageReference;
			repositoryURL = "https://github.com/firebase/firebase-ios-sdk";
			requirement = {
				kind = upToNextMajorVersion;
				minimumVersion = 9.0.0;
			};
		};
/* End XCRemoteSwiftPackageReference section */

/* Begin XCSwiftPackageProductDependency section */
		E36F85022846AF1F00F18C4C /* FirebaseDatabaseSwift */ = {
			isa = XCSwiftPackageProductDependency;
			package = E36F85012846AF1F00F18C4C /* XCRemoteSwiftPackageReference "firebase-ios-sdk" */;
			productName = FirebaseDatabaseSwift;
		};
		E36F85042846AF1F00F18C4C /* FirebaseFirestoreSwift */ = {
			isa = XCSwiftPackageProductDependency;
			package = E36F85012846AF1F00F18C4C /* XCRemoteSwiftPackageReference "firebase-ios-sdk" */;
			productName = FirebaseFirestoreSwift;
		};
/* End XCSwiftPackageProductDependency section */
	};
	rootObject = D9F10EB4283DB7AD00A8E968 /* Project object */;
}
